// !$*UTF8*$!
{
	archiveVersion = 1;
	classes = {
	};
	objectVersion = 48;
	objects = {

/* Begin PBXBuildFile section */
		116AFBA42082E37E00B144C1 /* MealSelectionViewController.m in Sources */ = {isa = PBXBuildFile; fileRef = 116AFBA32082E37E00B144C1 /* MealSelectionViewController.m */; };
		116AFBF22082F2E800B144C1 /* FSPagerView.swift in Sources */ = {isa = PBXBuildFile; fileRef = 116AFBEB2082F2E700B144C1 /* FSPagerView.swift */; };
		116AFBF32082F2E800B144C1 /* FSPageControl.swift in Sources */ = {isa = PBXBuildFile; fileRef = 116AFBEC2082F2E700B144C1 /* FSPageControl.swift */; };
		116AFBF42082F2E800B144C1 /* FSPagerViewCell.swift in Sources */ = {isa = PBXBuildFile; fileRef = 116AFBED2082F2E700B144C1 /* FSPagerViewCell.swift */; };
		116AFBF52082F2E800B144C1 /* FSPageViewLayout.swift in Sources */ = {isa = PBXBuildFile; fileRef = 116AFBEE2082F2E800B144C1 /* FSPageViewLayout.swift */; };
		116AFBF62082F2E800B144C1 /* FSPagerCollectionView.swift in Sources */ = {isa = PBXBuildFile; fileRef = 116AFBEF2082F2E800B144C1 /* FSPagerCollectionView.swift */; };
		116AFBF72082F2E800B144C1 /* FSPagerViewLayoutAttributes.swift in Sources */ = {isa = PBXBuildFile; fileRef = 116AFBF02082F2E800B144C1 /* FSPagerViewLayoutAttributes.swift */; };
		116AFBF82082F2E800B144C1 /* FSPageViewTransformer.swift in Sources */ = {isa = PBXBuildFile; fileRef = 116AFBF12082F2E800B144C1 /* FSPageViewTransformer.swift */; };
		116AFBFA2082F4FC00B144C1 /* test-card.png in Resources */ = {isa = PBXBuildFile; fileRef = 116AFBF92082F4FC00B144C1 /* test-card.png */; };
		116AFBFF2082F9C900B144C1 /* CircularStd-Book.otf in Resources */ = {isa = PBXBuildFile; fileRef = 116AFBFB2082F9C800B144C1 /* CircularStd-Book.otf */; };
		116AFC002082F9C900B144C1 /* CircularStd-Medium.ttf in Resources */ = {isa = PBXBuildFile; fileRef = 116AFBFC2082F9C800B144C1 /* CircularStd-Medium.ttf */; };
		116AFC012082F9C900B144C1 /* CircularStd-Black.ttf in Resources */ = {isa = PBXBuildFile; fileRef = 116AFBFD2082F9C900B144C1 /* CircularStd-Black.ttf */; };
		116AFC022082F9C900B144C1 /* CircularStd-Bold.otf in Resources */ = {isa = PBXBuildFile; fileRef = 116AFBFE2082F9C900B144C1 /* CircularStd-Bold.otf */; };
		116AFC1820830E5E00B144C1 /* top-bar-main.png in Resources */ = {isa = PBXBuildFile; fileRef = 116AFC1720830E5E00B144C1 /* top-bar-main.png */; };
		116AFC1E208314A200B144C1 /* UIImage+UIImage_Extensions.m in Sources */ = {isa = PBXBuildFile; fileRef = 116AFC1D208314A200B144C1 /* UIImage+UIImage_Extensions.m */; };
		116AFC2420831A3C00B144C1 /* 2.jpg in Resources */ = {isa = PBXBuildFile; fileRef = 116AFC1F20831A3B00B144C1 /* 2.jpg */; };
		116AFC2520831A3C00B144C1 /* 4.jpg in Resources */ = {isa = PBXBuildFile; fileRef = 116AFC2020831A3B00B144C1 /* 4.jpg */; };
		116AFC2620831A3C00B144C1 /* 5.jpg in Resources */ = {isa = PBXBuildFile; fileRef = 116AFC2120831A3B00B144C1 /* 5.jpg */; };
		116AFC2720831A3C00B144C1 /* 1.jpg in Resources */ = {isa = PBXBuildFile; fileRef = 116AFC2220831A3B00B144C1 /* 1.jpg */; };
		116AFC2820831A3C00B144C1 /* 3.jpg in Resources */ = {isa = PBXBuildFile; fileRef = 116AFC2320831A3C00B144C1 /* 3.jpg */; };
		116AFC2B20831BE000B144C1 /* TruckCardView.xib in Resources */ = {isa = PBXBuildFile; fileRef = 116AFC2A20831BE000B144C1 /* TruckCardView.xib */; };
		116AFC2E20831E8A00B144C1 /* TruckCardView.m in Sources */ = {isa = PBXBuildFile; fileRef = 116AFC2D20831E8A00B144C1 /* TruckCardView.m */; };
		116AFC30208329E300B144C1 /* top-bar-main-long.png in Resources */ = {isa = PBXBuildFile; fileRef = 116AFC2F208329E300B144C1 /* top-bar-main-long.png */; };
		116AFC32208339F600B144C1 /* RecipeCardView.xib in Resources */ = {isa = PBXBuildFile; fileRef = 116AFC31208339F600B144C1 /* RecipeCardView.xib */; };
		116AFC3520833A0E00B144C1 /* RecipeCardView.m in Sources */ = {isa = PBXBuildFile; fileRef = 116AFC3420833A0E00B144C1 /* RecipeCardView.m */; };
		116AFC3920833CBA00B144C1 /* tikka.png in Resources */ = {isa = PBXBuildFile; fileRef = 116AFC3620833CB900B144C1 /* tikka.png */; };
		116AFC3A20833CBA00B144C1 /* halibut.png in Resources */ = {isa = PBXBuildFile; fileRef = 116AFC3720833CBA00B144C1 /* halibut.png */; };
		116AFC3B20833CBA00B144C1 /* pizza.png in Resources */ = {isa = PBXBuildFile; fileRef = 116AFC3820833CBA00B144C1 /* pizza.png */; };
		116AFC3F20833DCA00B144C1 /* pizza-back.png in Resources */ = {isa = PBXBuildFile; fileRef = 116AFC3C20833DCA00B144C1 /* pizza-back.png */; };
		116AFC4020833DCA00B144C1 /* tikka-back.png in Resources */ = {isa = PBXBuildFile; fileRef = 116AFC3D20833DCA00B144C1 /* tikka-back.png */; };
		116AFC4120833DCA00B144C1 /* halibut-back.png in Resources */ = {isa = PBXBuildFile; fileRef = 116AFC3E20833DCA00B144C1 /* halibut-back.png */; };
		116AFC4320833DFA00B144C1 /* add-to-basket.png in Resources */ = {isa = PBXBuildFile; fileRef = 116AFC4220833DFA00B144C1 /* add-to-basket.png */; };
		116AFC472083466D00B144C1 /* RecipeObject.m in Sources */ = {isa = PBXBuildFile; fileRef = 116AFC462083466D00B144C1 /* RecipeObject.m */; };
		116AFC4A208354B100B144C1 /* AddToBasketButton.m in Sources */ = {isa = PBXBuildFile; fileRef = 116AFC49208354B100B144C1 /* AddToBasketButton.m */; };
		11832BBC2081A15200DD8D44 /* AppDelegate.m in Sources */ = {isa = PBXBuildFile; fileRef = 11832BBB2081A15200DD8D44 /* AppDelegate.m */; };
		11832BBF2081A15200DD8D44 /* ViewController.m in Sources */ = {isa = PBXBuildFile; fileRef = 11832BBE2081A15200DD8D44 /* ViewController.m */; };
		11832BC22081A15200DD8D44 /* Main.storyboard in Resources */ = {isa = PBXBuildFile; fileRef = 11832BC02081A15200DD8D44 /* Main.storyboard */; };
		11832BC42081A15200DD8D44 /* Assets.xcassets in Resources */ = {isa = PBXBuildFile; fileRef = 11832BC32081A15200DD8D44 /* Assets.xcassets */; };
		11832BC72081A15200DD8D44 /* LaunchScreen.storyboard in Resources */ = {isa = PBXBuildFile; fileRef = 11832BC52081A15200DD8D44 /* LaunchScreen.storyboard */; };
		11832BCA2081A15200DD8D44 /* main.m in Sources */ = {isa = PBXBuildFile; fileRef = 11832BC92081A15200DD8D44 /* main.m */; };
		11832BD42081A15200DD8D44 /* PerchAppTests.m in Sources */ = {isa = PBXBuildFile; fileRef = 11832BD32081A15200DD8D44 /* PerchAppTests.m */; };
		11832BDF2081A15200DD8D44 /* PerchAppUITests.m in Sources */ = {isa = PBXBuildFile; fileRef = 11832BDE2081A15200DD8D44 /* PerchAppUITests.m */; };
		11832BEE2081A4F000DD8D44 /* TruckObject.m in Sources */ = {isa = PBXBuildFile; fileRef = 11832BED2081A4F000DD8D44 /* TruckObject.m */; };
		11832BF22081A5C800DD8D44 /* APIManager.m in Sources */ = {isa = PBXBuildFile; fileRef = 11832BF12081A5C800DD8D44 /* APIManager.m */; };
		11832BF62081A8B800DD8D44 /* ServerReqeustManager.m in Sources */ = {isa = PBXBuildFile; fileRef = 11832BF52081A8B800DD8D44 /* ServerReqeustManager.m */; };
		11832BF92081AA0400DD8D44 /* ConstantHeader.h in Sources */ = {isa = PBXBuildFile; fileRef = 11832BF82081A99200DD8D44 /* ConstantHeader.h */; };
		11832BFC2081AB3300DD8D44 /* RequestParser.m in Sources */ = {isa = PBXBuildFile; fileRef = 11832BFB2081AB3300DD8D44 /* RequestParser.m */; };
		11E230B520836B5000A2595F /* CheckoutViewController.m in Sources */ = {isa = PBXBuildFile; fileRef = 11E230B420836B5000A2595F /* CheckoutViewController.m */; };
		11E230B720836B7900A2595F /* qr.png in Resources */ = {isa = PBXBuildFile; fileRef = 11E230B620836B7900A2595F /* qr.png */; };
		11E230B92083BA3200A2595F /* top-bar-space.png in Resources */ = {isa = PBXBuildFile; fileRef = 11E230B82083BA3200A2595F /* top-bar-space.png */; };
		11E230BC2083BC0D00A2595F /* CartManager.m in Sources */ = {isa = PBXBuildFile; fileRef = 11E230BB2083BC0D00A2595F /* CartManager.m */; };
		11E230C02083BEDE00A2595F /* chicken-checkout.png in Resources */ = {isa = PBXBuildFile; fileRef = 11E230BD2083BEDE00A2595F /* chicken-checkout.png */; };
		11E230C12083BEDE00A2595F /* halibut-checkout.png in Resources */ = {isa = PBXBuildFile; fileRef = 11E230BE2083BEDE00A2595F /* halibut-checkout.png */; };
		11E230C22083BEDE00A2595F /* pizza-checkout.png in Resources */ = {isa = PBXBuildFile; fileRef = 11E230BF2083BEDE00A2595F /* pizza-checkout.png */; };
		11E230DD2083C64100A2595F /* JGProgressHUDFadeAnimation.m in Sources */ = {isa = PBXBuildFile; fileRef = 11E230C72083C63D00A2595F /* JGProgressHUDFadeAnimation.m */; };
		11E230DE2083C64100A2595F /* JGProgressHUDPieIndicatorView.m in Sources */ = {isa = PBXBuildFile; fileRef = 11E230CA2083C63E00A2595F /* JGProgressHUDPieIndicatorView.m */; };
		11E230DF2083C64100A2595F /* JGProgressHUDRingIndicatorView.m in Sources */ = {isa = PBXBuildFile; fileRef = 11E230CB2083C63E00A2595F /* JGProgressHUDRingIndicatorView.m */; };
		11E230E02083C64100A2595F /* JGProgressHUDImageIndicatorView.m in Sources */ = {isa = PBXBuildFile; fileRef = 11E230CD2083C63E00A2595F /* JGProgressHUDImageIndicatorView.m */; };
		11E230E12083C64100A2595F /* JGProgressHUDAnimation.m in Sources */ = {isa = PBXBuildFile; fileRef = 11E230D12083C63E00A2595F /* JGProgressHUDAnimation.m */; };
		11E230E22083C64100A2595F /* JGProgressHUDFadeZoomAnimation.m in Sources */ = {isa = PBXBuildFile; fileRef = 11E230D42083C63F00A2595F /* JGProgressHUDFadeZoomAnimation.m */; };
		11E230E32083C64100A2595F /* JGProgressHUDIndeterminateIndicatorView.m in Sources */ = {isa = PBXBuildFile; fileRef = 11E230D52083C63F00A2595F /* JGProgressHUDIndeterminateIndicatorView.m */; };
		11E230E42083C64100A2595F /* JGProgressHUD.m in Sources */ = {isa = PBXBuildFile; fileRef = 11E230D62083C63F00A2595F /* JGProgressHUD.m */; };
		11E230E52083C64100A2595F /* JGProgressHUDSuccessIndicatorView.m in Sources */ = {isa = PBXBuildFile; fileRef = 11E230D82083C64000A2595F /* JGProgressHUDSuccessIndicatorView.m */; };
		11E230E62083C64100A2595F /* JGProgressHUDShadow.m in Sources */ = {isa = PBXBuildFile; fileRef = 11E230D92083C64000A2595F /* JGProgressHUDShadow.m */; };
		11E230E72083C64100A2595F /* JGProgressHUDIndicatorView.m in Sources */ = {isa = PBXBuildFile; fileRef = 11E230DB2083C64000A2595F /* JGProgressHUDIndicatorView.m */; };
		11E230E82083C64100A2595F /* JGProgressHUDErrorIndicatorView.m in Sources */ = {isa = PBXBuildFile; fileRef = 11E230DC2083C64000A2595F /* JGProgressHUDErrorIndicatorView.m */; };
/* End PBXBuildFile section */

/* Begin PBXContainerItemProxy section */
		11832BD02081A15200DD8D44 /* PBXContainerItemProxy */ = {
			isa = PBXContainerItemProxy;
			containerPortal = 11832BAF2081A15200DD8D44 /* Project object */;
			proxyType = 1;
			remoteGlobalIDString = 11832BB62081A15200DD8D44;
			remoteInfo = PerchApp;
		};
		11832BDB2081A15200DD8D44 /* PBXContainerItemProxy */ = {
			isa = PBXContainerItemProxy;
			containerPortal = 11832BAF2081A15200DD8D44 /* Project object */;
			proxyType = 1;
			remoteGlobalIDString = 11832BB62081A15200DD8D44;
			remoteInfo = PerchApp;
		};
/* End PBXContainerItemProxy section */

/* Begin PBXFileReference section */
		116AFBA22082E37E00B144C1 /* MealSelectionViewController.h */ = {isa = PBXFileReference; lastKnownFileType = sourcecode.c.h; path = MealSelectionViewController.h; sourceTree = "<group>"; };
		116AFBA32082E37E00B144C1 /* MealSelectionViewController.m */ = {isa = PBXFileReference; lastKnownFileType = sourcecode.c.objc; path = MealSelectionViewController.m; sourceTree = "<group>"; };
		116AFBEA2082F2E600B144C1 /* PerchApp-Bridging-Header.h */ = {isa = PBXFileReference; lastKnownFileType = sourcecode.c.h; path = "PerchApp-Bridging-Header.h"; sourceTree = "<group>"; };
		116AFBEB2082F2E700B144C1 /* FSPagerView.swift */ = {isa = PBXFileReference; fileEncoding = 4; lastKnownFileType = sourcecode.swift; path = FSPagerView.swift; sourceTree = "<group>"; };
		116AFBEC2082F2E700B144C1 /* FSPageControl.swift */ = {isa = PBXFileReference; fileEncoding = 4; lastKnownFileType = sourcecode.swift; path = FSPageControl.swift; sourceTree = "<group>"; };
		116AFBED2082F2E700B144C1 /* FSPagerViewCell.swift */ = {isa = PBXFileReference; fileEncoding = 4; lastKnownFileType = sourcecode.swift; path = FSPagerViewCell.swift; sourceTree = "<group>"; };
		116AFBEE2082F2E800B144C1 /* FSPageViewLayout.swift */ = {isa = PBXFileReference; fileEncoding = 4; lastKnownFileType = sourcecode.swift; path = FSPageViewLayout.swift; sourceTree = "<group>"; };
		116AFBEF2082F2E800B144C1 /* FSPagerCollectionView.swift */ = {isa = PBXFileReference; fileEncoding = 4; lastKnownFileType = sourcecode.swift; path = FSPagerCollectionView.swift; sourceTree = "<group>"; };
		116AFBF02082F2E800B144C1 /* FSPagerViewLayoutAttributes.swift */ = {isa = PBXFileReference; fileEncoding = 4; lastKnownFileType = sourcecode.swift; path = FSPagerViewLayoutAttributes.swift; sourceTree = "<group>"; };
		116AFBF12082F2E800B144C1 /* FSPageViewTransformer.swift */ = {isa = PBXFileReference; fileEncoding = 4; lastKnownFileType = sourcecode.swift; path = FSPageViewTransformer.swift; sourceTree = "<group>"; };
		116AFBF92082F4FC00B144C1 /* test-card.png */ = {isa = PBXFileReference; lastKnownFileType = image.png; path = "test-card.png"; sourceTree = "<group>"; };
		116AFBFB2082F9C800B144C1 /* CircularStd-Book.otf */ = {isa = PBXFileReference; lastKnownFileType = file; path = "CircularStd-Book.otf"; sourceTree = "<group>"; };
		116AFBFC2082F9C800B144C1 /* CircularStd-Medium.ttf */ = {isa = PBXFileReference; lastKnownFileType = file; path = "CircularStd-Medium.ttf"; sourceTree = "<group>"; };
		116AFBFD2082F9C900B144C1 /* CircularStd-Black.ttf */ = {isa = PBXFileReference; lastKnownFileType = file; path = "CircularStd-Black.ttf"; sourceTree = "<group>"; };
		116AFBFE2082F9C900B144C1 /* CircularStd-Bold.otf */ = {isa = PBXFileReference; lastKnownFileType = file; path = "CircularStd-Bold.otf"; sourceTree = "<group>"; };
		116AFC1720830E5E00B144C1 /* top-bar-main.png */ = {isa = PBXFileReference; lastKnownFileType = image.png; path = "top-bar-main.png"; sourceTree = "<group>"; };
		116AFC1C208314A200B144C1 /* UIImage+UIImage_Extensions.h */ = {isa = PBXFileReference; lastKnownFileType = sourcecode.c.h; path = "UIImage+UIImage_Extensions.h"; sourceTree = "<group>"; };
		116AFC1D208314A200B144C1 /* UIImage+UIImage_Extensions.m */ = {isa = PBXFileReference; lastKnownFileType = sourcecode.c.objc; path = "UIImage+UIImage_Extensions.m"; sourceTree = "<group>"; };
		116AFC1F20831A3B00B144C1 /* 2.jpg */ = {isa = PBXFileReference; lastKnownFileType = image.jpeg; path = 2.jpg; sourceTree = "<group>"; };
		116AFC2020831A3B00B144C1 /* 4.jpg */ = {isa = PBXFileReference; lastKnownFileType = image.jpeg; path = 4.jpg; sourceTree = "<group>"; };
		116AFC2120831A3B00B144C1 /* 5.jpg */ = {isa = PBXFileReference; lastKnownFileType = image.jpeg; path = 5.jpg; sourceTree = "<group>"; };
		116AFC2220831A3B00B144C1 /* 1.jpg */ = {isa = PBXFileReference; lastKnownFileType = image.jpeg; path = 1.jpg; sourceTree = "<group>"; };
		116AFC2320831A3C00B144C1 /* 3.jpg */ = {isa = PBXFileReference; lastKnownFileType = image.jpeg; path = 3.jpg; sourceTree = "<group>"; };
		116AFC2A20831BE000B144C1 /* TruckCardView.xib */ = {isa = PBXFileReference; lastKnownFileType = file.xib; path = TruckCardView.xib; sourceTree = "<group>"; };
		116AFC2C20831E8A00B144C1 /* TruckCardView.h */ = {isa = PBXFileReference; lastKnownFileType = sourcecode.c.h; path = TruckCardView.h; sourceTree = "<group>"; };
		116AFC2D20831E8A00B144C1 /* TruckCardView.m */ = {isa = PBXFileReference; lastKnownFileType = sourcecode.c.objc; path = TruckCardView.m; sourceTree = "<group>"; };
		116AFC2F208329E300B144C1 /* top-bar-main-long.png */ = {isa = PBXFileReference; lastKnownFileType = image.png; path = "top-bar-main-long.png"; sourceTree = "<group>"; };
		116AFC31208339F600B144C1 /* RecipeCardView.xib */ = {isa = PBXFileReference; lastKnownFileType = file.xib; path = RecipeCardView.xib; sourceTree = "<group>"; };
		116AFC3320833A0E00B144C1 /* RecipeCardView.h */ = {isa = PBXFileReference; lastKnownFileType = sourcecode.c.h; path = RecipeCardView.h; sourceTree = "<group>"; };
		116AFC3420833A0E00B144C1 /* RecipeCardView.m */ = {isa = PBXFileReference; lastKnownFileType = sourcecode.c.objc; path = RecipeCardView.m; sourceTree = "<group>"; };
		116AFC3620833CB900B144C1 /* tikka.png */ = {isa = PBXFileReference; lastKnownFileType = image.png; path = tikka.png; sourceTree = "<group>"; };
		116AFC3720833CBA00B144C1 /* halibut.png */ = {isa = PBXFileReference; lastKnownFileType = image.png; path = halibut.png; sourceTree = "<group>"; };
		116AFC3820833CBA00B144C1 /* pizza.png */ = {isa = PBXFileReference; lastKnownFileType = image.png; path = pizza.png; sourceTree = "<group>"; };
		116AFC3C20833DCA00B144C1 /* pizza-back.png */ = {isa = PBXFileReference; lastKnownFileType = image.png; path = "pizza-back.png"; sourceTree = "<group>"; };
		116AFC3D20833DCA00B144C1 /* tikka-back.png */ = {isa = PBXFileReference; lastKnownFileType = image.png; path = "tikka-back.png"; sourceTree = "<group>"; };
		116AFC3E20833DCA00B144C1 /* halibut-back.png */ = {isa = PBXFileReference; lastKnownFileType = image.png; path = "halibut-back.png"; sourceTree = "<group>"; };
		116AFC4220833DFA00B144C1 /* add-to-basket.png */ = {isa = PBXFileReference; lastKnownFileType = image.png; path = "add-to-basket.png"; sourceTree = "<group>"; };
		116AFC452083466D00B144C1 /* RecipeObject.h */ = {isa = PBXFileReference; lastKnownFileType = sourcecode.c.h; path = RecipeObject.h; sourceTree = "<group>"; };
		116AFC462083466D00B144C1 /* RecipeObject.m */ = {isa = PBXFileReference; lastKnownFileType = sourcecode.c.objc; path = RecipeObject.m; sourceTree = "<group>"; };
		116AFC48208354B100B144C1 /* AddToBasketButton.h */ = {isa = PBXFileReference; lastKnownFileType = sourcecode.c.h; path = AddToBasketButton.h; sourceTree = "<group>"; };
		116AFC49208354B100B144C1 /* AddToBasketButton.m */ = {isa = PBXFileReference; lastKnownFileType = sourcecode.c.objc; path = AddToBasketButton.m; sourceTree = "<group>"; };
		11832BB72081A15200DD8D44 /* PerchApp.app */ = {isa = PBXFileReference; explicitFileType = wrapper.application; includeInIndex = 0; path = PerchApp.app; sourceTree = BUILT_PRODUCTS_DIR; };
		11832BBA2081A15200DD8D44 /* AppDelegate.h */ = {isa = PBXFileReference; lastKnownFileType = sourcecode.c.h; path = AppDelegate.h; sourceTree = "<group>"; };
		11832BBB2081A15200DD8D44 /* AppDelegate.m */ = {isa = PBXFileReference; lastKnownFileType = sourcecode.c.objc; path = AppDelegate.m; sourceTree = "<group>"; };
		11832BBD2081A15200DD8D44 /* ViewController.h */ = {isa = PBXFileReference; lastKnownFileType = sourcecode.c.h; path = ViewController.h; sourceTree = "<group>"; };
		11832BBE2081A15200DD8D44 /* ViewController.m */ = {isa = PBXFileReference; lastKnownFileType = sourcecode.c.objc; path = ViewController.m; sourceTree = "<group>"; };
		11832BC12081A15200DD8D44 /* Base */ = {isa = PBXFileReference; lastKnownFileType = file.storyboard; name = Base; path = Base.lproj/Main.storyboard; sourceTree = "<group>"; };
		11832BC32081A15200DD8D44 /* Assets.xcassets */ = {isa = PBXFileReference; lastKnownFileType = folder.assetcatalog; path = Assets.xcassets; sourceTree = "<group>"; };
		11832BC62081A15200DD8D44 /* Base */ = {isa = PBXFileReference; lastKnownFileType = file.storyboard; name = Base; path = Base.lproj/LaunchScreen.storyboard; sourceTree = "<group>"; };
		11832BC82081A15200DD8D44 /* Info.plist */ = {isa = PBXFileReference; lastKnownFileType = text.plist.xml; path = Info.plist; sourceTree = "<group>"; };
		11832BC92081A15200DD8D44 /* main.m */ = {isa = PBXFileReference; lastKnownFileType = sourcecode.c.objc; path = main.m; sourceTree = "<group>"; };
		11832BCF2081A15200DD8D44 /* PerchAppTests.xctest */ = {isa = PBXFileReference; explicitFileType = wrapper.cfbundle; includeInIndex = 0; path = PerchAppTests.xctest; sourceTree = BUILT_PRODUCTS_DIR; };
		11832BD32081A15200DD8D44 /* PerchAppTests.m */ = {isa = PBXFileReference; lastKnownFileType = sourcecode.c.objc; path = PerchAppTests.m; sourceTree = "<group>"; };
		11832BD52081A15200DD8D44 /* Info.plist */ = {isa = PBXFileReference; lastKnownFileType = text.plist.xml; path = Info.plist; sourceTree = "<group>"; };
		11832BDA2081A15200DD8D44 /* PerchAppUITests.xctest */ = {isa = PBXFileReference; explicitFileType = wrapper.cfbundle; includeInIndex = 0; path = PerchAppUITests.xctest; sourceTree = BUILT_PRODUCTS_DIR; };
		11832BDE2081A15200DD8D44 /* PerchAppUITests.m */ = {isa = PBXFileReference; lastKnownFileType = sourcecode.c.objc; path = PerchAppUITests.m; sourceTree = "<group>"; };
		11832BE02081A15200DD8D44 /* Info.plist */ = {isa = PBXFileReference; lastKnownFileType = text.plist.xml; path = Info.plist; sourceTree = "<group>"; };
		11832BEC2081A4F000DD8D44 /* TruckObject.h */ = {isa = PBXFileReference; lastKnownFileType = sourcecode.c.h; path = TruckObject.h; sourceTree = "<group>"; };
		11832BED2081A4F000DD8D44 /* TruckObject.m */ = {isa = PBXFileReference; lastKnownFileType = sourcecode.c.objc; path = TruckObject.m; sourceTree = "<group>"; };
		11832BF02081A5C800DD8D44 /* APIManager.h */ = {isa = PBXFileReference; lastKnownFileType = sourcecode.c.h; path = APIManager.h; sourceTree = "<group>"; };
		11832BF12081A5C800DD8D44 /* APIManager.m */ = {isa = PBXFileReference; lastKnownFileType = sourcecode.c.objc; path = APIManager.m; sourceTree = "<group>"; };
		11832BF42081A8B800DD8D44 /* ServerReqeustManager.h */ = {isa = PBXFileReference; lastKnownFileType = sourcecode.c.h; path = ServerReqeustManager.h; sourceTree = "<group>"; };
		11832BF52081A8B800DD8D44 /* ServerReqeustManager.m */ = {isa = PBXFileReference; lastKnownFileType = sourcecode.c.objc; path = ServerReqeustManager.m; sourceTree = "<group>"; };
		11832BF82081A99200DD8D44 /* ConstantHeader.h */ = {isa = PBXFileReference; lastKnownFileType = sourcecode.c.h; path = ConstantHeader.h; sourceTree = "<group>"; };
		11832BFA2081AB3300DD8D44 /* RequestParser.h */ = {isa = PBXFileReference; lastKnownFileType = sourcecode.c.h; path = RequestParser.h; sourceTree = "<group>"; };
		11832BFB2081AB3300DD8D44 /* RequestParser.m */ = {isa = PBXFileReference; lastKnownFileType = sourcecode.c.objc; path = RequestParser.m; sourceTree = "<group>"; };
		11E230B320836B5000A2595F /* CheckoutViewController.h */ = {isa = PBXFileReference; lastKnownFileType = sourcecode.c.h; path = CheckoutViewController.h; sourceTree = "<group>"; };
		11E230B420836B5000A2595F /* CheckoutViewController.m */ = {isa = PBXFileReference; lastKnownFileType = sourcecode.c.objc; path = CheckoutViewController.m; sourceTree = "<group>"; };
		11E230B620836B7900A2595F /* qr.png */ = {isa = PBXFileReference; lastKnownFileType = image.png; name = qr.png; path = ../../../../../Downloads/qr.png; sourceTree = "<group>"; };
		11E230B82083BA3200A2595F /* top-bar-space.png */ = {isa = PBXFileReference; lastKnownFileType = image.png; name = "top-bar-space.png"; path = "../../../../../Downloads/top-bar-space.png"; sourceTree = "<group>"; };
		11E230BA2083BC0D00A2595F /* CartManager.h */ = {isa = PBXFileReference; lastKnownFileType = sourcecode.c.h; path = CartManager.h; sourceTree = "<group>"; };
		11E230BB2083BC0D00A2595F /* CartManager.m */ = {isa = PBXFileReference; lastKnownFileType = sourcecode.c.objc; path = CartManager.m; sourceTree = "<group>"; };
		11E230BD2083BEDE00A2595F /* chicken-checkout.png */ = {isa = PBXFileReference; lastKnownFileType = image.png; path = "chicken-checkout.png"; sourceTree = "<group>"; };
		11E230BE2083BEDE00A2595F /* halibut-checkout.png */ = {isa = PBXFileReference; lastKnownFileType = image.png; path = "halibut-checkout.png"; sourceTree = "<group>"; };
		11E230BF2083BEDE00A2595F /* pizza-checkout.png */ = {isa = PBXFileReference; lastKnownFileType = image.png; path = "pizza-checkout.png"; sourceTree = "<group>"; };
		11E230C42083C63D00A2595F /* JGProgressHUDFadeZoomAnimation.h */ = {isa = PBXFileReference; fileEncoding = 4; lastKnownFileType = sourcecode.c.h; path = JGProgressHUDFadeZoomAnimation.h; sourceTree = "<group>"; };
		11E230C52083C63D00A2595F /* JGProgressHUDRingIndicatorView.h */ = {isa = PBXFileReference; fileEncoding = 4; lastKnownFileType = sourcecode.c.h; path = JGProgressHUDRingIndicatorView.h; sourceTree = "<group>"; };
		11E230C62083C63D00A2595F /* JGProgressHUD-Defines.h */ = {isa = PBXFileReference; fileEncoding = 4; lastKnownFileType = sourcecode.c.h; path = "JGProgressHUD-Defines.h"; sourceTree = "<group>"; };
		11E230C72083C63D00A2595F /* JGProgressHUDFadeAnimation.m */ = {isa = PBXFileReference; fileEncoding = 4; lastKnownFileType = sourcecode.c.objc; path = JGProgressHUDFadeAnimation.m; sourceTree = "<group>"; };
		11E230C82083C63D00A2595F /* JGProgressHUDImageIndicatorView.h */ = {isa = PBXFileReference; fileEncoding = 4; lastKnownFileType = sourcecode.c.h; path = JGProgressHUDImageIndicatorView.h; sourceTree = "<group>"; };
		11E230C92083C63E00A2595F /* JGProgressHUDShadow.h */ = {isa = PBXFileReference; fileEncoding = 4; lastKnownFileType = sourcecode.c.h; path = JGProgressHUDShadow.h; sourceTree = "<group>"; };
		11E230CA2083C63E00A2595F /* JGProgressHUDPieIndicatorView.m */ = {isa = PBXFileReference; fileEncoding = 4; lastKnownFileType = sourcecode.c.objc; path = JGProgressHUDPieIndicatorView.m; sourceTree = "<group>"; };
		11E230CB2083C63E00A2595F /* JGProgressHUDRingIndicatorView.m */ = {isa = PBXFileReference; fileEncoding = 4; lastKnownFileType = sourcecode.c.objc; path = JGProgressHUDRingIndicatorView.m; sourceTree = "<group>"; };
		11E230CC2083C63E00A2595F /* JGProgressHUDIndicatorView.h */ = {isa = PBXFileReference; fileEncoding = 4; lastKnownFileType = sourcecode.c.h; path = JGProgressHUDIndicatorView.h; sourceTree = "<group>"; };
		11E230CD2083C63E00A2595F /* JGProgressHUDImageIndicatorView.m */ = {isa = PBXFileReference; fileEncoding = 4; lastKnownFileType = sourcecode.c.objc; path = JGProgressHUDImageIndicatorView.m; sourceTree = "<group>"; };
		11E230CE2083C63E00A2595F /* JGProgressHUDIndeterminateIndicatorView.h */ = {isa = PBXFileReference; fileEncoding = 4; lastKnownFileType = sourcecode.c.h; path = JGProgressHUDIndeterminateIndicatorView.h; sourceTree = "<group>"; };
		11E230CF2083C63E00A2595F /* JGProgressHUDAnimation.h */ = {isa = PBXFileReference; fileEncoding = 4; lastKnownFileType = sourcecode.c.h; path = JGProgressHUDAnimation.h; sourceTree = "<group>"; };
		11E230D02083C63E00A2595F /* JGProgressHUD.h */ = {isa = PBXFileReference; fileEncoding = 4; lastKnownFileType = sourcecode.c.h; path = JGProgressHUD.h; sourceTree = "<group>"; };
		11E230D12083C63E00A2595F /* JGProgressHUDAnimation.m */ = {isa = PBXFileReference; fileEncoding = 4; lastKnownFileType = sourcecode.c.objc; path = JGProgressHUDAnimation.m; sourceTree = "<group>"; };
		11E230D22083C63E00A2595F /* JGProgressHUDErrorIndicatorView.h */ = {isa = PBXFileReference; fileEncoding = 4; lastKnownFileType = sourcecode.c.h; path = JGProgressHUDErrorIndicatorView.h; sourceTree = "<group>"; };
		11E230D32083C63F00A2595F /* JGProgressHUDFadeAnimation.h */ = {isa = PBXFileReference; fileEncoding = 4; lastKnownFileType = sourcecode.c.h; path = JGProgressHUDFadeAnimation.h; sourceTree = "<group>"; };
		11E230D42083C63F00A2595F /* JGProgressHUDFadeZoomAnimation.m */ = {isa = PBXFileReference; fileEncoding = 4; lastKnownFileType = sourcecode.c.objc; path = JGProgressHUDFadeZoomAnimation.m; sourceTree = "<group>"; };
		11E230D52083C63F00A2595F /* JGProgressHUDIndeterminateIndicatorView.m */ = {isa = PBXFileReference; fileEncoding = 4; lastKnownFileType = sourcecode.c.objc; path = JGProgressHUDIndeterminateIndicatorView.m; sourceTree = "<group>"; };
		11E230D62083C63F00A2595F /* JGProgressHUD.m */ = {isa = PBXFileReference; fileEncoding = 4; lastKnownFileType = sourcecode.c.objc; path = JGProgressHUD.m; sourceTree = "<group>"; };
		11E230D72083C64000A2595F /* JGProgressHUDPieIndicatorView.h */ = {isa = PBXFileReference; fileEncoding = 4; lastKnownFileType = sourcecode.c.h; path = JGProgressHUDPieIndicatorView.h; sourceTree = "<group>"; };
		11E230D82083C64000A2595F /* JGProgressHUDSuccessIndicatorView.m */ = {isa = PBXFileReference; fileEncoding = 4; lastKnownFileType = sourcecode.c.objc; path = JGProgressHUDSuccessIndicatorView.m; sourceTree = "<group>"; };
		11E230D92083C64000A2595F /* JGProgressHUDShadow.m */ = {isa = PBXFileReference; fileEncoding = 4; lastKnownFileType = sourcecode.c.objc; path = JGProgressHUDShadow.m; sourceTree = "<group>"; };
		11E230DA2083C64000A2595F /* JGProgressHUDSuccessIndicatorView.h */ = {isa = PBXFileReference; fileEncoding = 4; lastKnownFileType = sourcecode.c.h; path = JGProgressHUDSuccessIndicatorView.h; sourceTree = "<group>"; };
		11E230DB2083C64000A2595F /* JGProgressHUDIndicatorView.m */ = {isa = PBXFileReference; fileEncoding = 4; lastKnownFileType = sourcecode.c.objc; path = JGProgressHUDIndicatorView.m; sourceTree = "<group>"; };
		11E230DC2083C64000A2595F /* JGProgressHUDErrorIndicatorView.m */ = {isa = PBXFileReference; fileEncoding = 4; lastKnownFileType = sourcecode.c.objc; path = JGProgressHUDErrorIndicatorView.m; sourceTree = "<group>"; };
/* End PBXFileReference section */

/* Begin PBXFrameworksBuildPhase section */
		11832BB42081A15200DD8D44 /* Frameworks */ = {
			isa = PBXFrameworksBuildPhase;
			buildActionMask = 2147483647;
			files = (
			);
			runOnlyForDeploymentPostprocessing = 0;
		};
		11832BCC2081A15200DD8D44 /* Frameworks */ = {
			isa = PBXFrameworksBuildPhase;
			buildActionMask = 2147483647;
			files = (
			);
			runOnlyForDeploymentPostprocessing = 0;
		};
		11832BD72081A15200DD8D44 /* Frameworks */ = {
			isa = PBXFrameworksBuildPhase;
			buildActionMask = 2147483647;
			files = (
			);
			runOnlyForDeploymentPostprocessing = 0;
		};
/* End PBXFrameworksBuildPhase section */

/* Begin PBXGroup section */
		116AFBAC2082E90200B144C1 /* PagedScrollView */ = {
			isa = PBXGroup;
			children = (
				116AFBEC2082F2E700B144C1 /* FSPageControl.swift */,
				116AFBEF2082F2E800B144C1 /* FSPagerCollectionView.swift */,
				116AFBEB2082F2E700B144C1 /* FSPagerView.swift */,
				116AFBED2082F2E700B144C1 /* FSPagerViewCell.swift */,
				116AFBF02082F2E800B144C1 /* FSPagerViewLayoutAttributes.swift */,
				116AFBEE2082F2E800B144C1 /* FSPageViewLayout.swift */,
				116AFBF12082F2E800B144C1 /* FSPageViewTransformer.swift */,
				116AFBEA2082F2E600B144C1 /* PerchApp-Bridging-Header.h */,
			);
			path = PagedScrollView;
			sourceTree = "<group>";
		};
		116AFC2920831A4200B144C1 /* Resources */ = {
			isa = PBXGroup;
			children = (
				11E230B620836B7900A2595F /* qr.png */,
				116AFC1720830E5E00B144C1 /* top-bar-main.png */,
				116AFC3720833CBA00B144C1 /* halibut.png */,
				116AFC3820833CBA00B144C1 /* pizza.png */,
				116AFC3620833CB900B144C1 /* tikka.png */,
				116AFC3E20833DCA00B144C1 /* halibut-back.png */,
				116AFC3C20833DCA00B144C1 /* pizza-back.png */,
				116AFC3D20833DCA00B144C1 /* tikka-back.png */,
				116AFC4220833DFA00B144C1 /* add-to-basket.png */,
				116AFBFD2082F9C900B144C1 /* CircularStd-Black.ttf */,
				116AFBFE2082F9C900B144C1 /* CircularStd-Bold.otf */,
				116AFBFB2082F9C800B144C1 /* CircularStd-Book.otf */,
				116AFBFC2082F9C800B144C1 /* CircularStd-Medium.ttf */,
				11E230B82083BA3200A2595F /* top-bar-space.png */,
				116AFBF92082F4FC00B144C1 /* test-card.png */,
				116AFC2F208329E300B144C1 /* top-bar-main-long.png */,
				116AFC2220831A3B00B144C1 /* 1.jpg */,
				116AFC1F20831A3B00B144C1 /* 2.jpg */,
				116AFC2320831A3C00B144C1 /* 3.jpg */,
				116AFC2020831A3B00B144C1 /* 4.jpg */,
				116AFC2120831A3B00B144C1 /* 5.jpg */,
				11E230BD2083BEDE00A2595F /* chicken-checkout.png */,
				11E230BE2083BEDE00A2595F /* halibut-checkout.png */,
				11E230BF2083BEDE00A2595F /* pizza-checkout.png */,
			);
			path = Resources;
			sourceTree = "<group>";
		};
		116AFC442083464D00B144C1 /* View */ = {
			isa = PBXGroup;
			children = (
				116AFC1C208314A200B144C1 /* UIImage+UIImage_Extensions.h */,
				116AFC1D208314A200B144C1 /* UIImage+UIImage_Extensions.m */,
				116AFC2C20831E8A00B144C1 /* TruckCardView.h */,
				116AFC2D20831E8A00B144C1 /* TruckCardView.m */,
				116AFC2A20831BE000B144C1 /* TruckCardView.xib */,
				116AFC3320833A0E00B144C1 /* RecipeCardView.h */,
				116AFC3420833A0E00B144C1 /* RecipeCardView.m */,
				116AFC31208339F600B144C1 /* RecipeCardView.xib */,
				116AFC48208354B100B144C1 /* AddToBasketButton.h */,
				116AFC49208354B100B144C1 /* AddToBasketButton.m */,
			);
			path = View;
			sourceTree = "<group>";
		};
		11832BAE2081A15200DD8D44 = {
			isa = PBXGroup;
			children = (
				11832BB92081A15200DD8D44 /* PerchApp */,
				11832BD22081A15200DD8D44 /* PerchAppTests */,
				11832BDD2081A15200DD8D44 /* PerchAppUITests */,
				11832BB82081A15200DD8D44 /* Products */,
			);
			sourceTree = "<group>";
		};
		11832BB82081A15200DD8D44 /* Products */ = {
			isa = PBXGroup;
			children = (
				11832BB72081A15200DD8D44 /* PerchApp.app */,
				11832BCF2081A15200DD8D44 /* PerchAppTests.xctest */,
				11832BDA2081A15200DD8D44 /* PerchAppUITests.xctest */,
			);
			name = Products;
			sourceTree = "<group>";
		};
		11832BB92081A15200DD8D44 /* PerchApp */ = {
			isa = PBXGroup;
			children = (
				11832BF82081A99200DD8D44 /* ConstantHeader.h */,
				11832BBA2081A15200DD8D44 /* AppDelegate.h */,
				11832BBB2081A15200DD8D44 /* AppDelegate.m */,
				11832BBD2081A15200DD8D44 /* ViewController.h */,
				11832BBE2081A15200DD8D44 /* ViewController.m */,
				116AFBA22082E37E00B144C1 /* MealSelectionViewController.h */,
				116AFBA32082E37E00B144C1 /* MealSelectionViewController.m */,
				11E230B320836B5000A2595F /* CheckoutViewController.h */,
				11E230B420836B5000A2595F /* CheckoutViewController.m */,
				11E230BA2083BC0D00A2595F /* CartManager.h */,
				11E230BB2083BC0D00A2595F /* CartManager.m */,
				11E230C32083C62C00A2595F /* Progress Hud */,
				116AFC442083464D00B144C1 /* View */,
				116AFBAC2082E90200B144C1 /* PagedScrollView */,
				11832BF32081A5E900DD8D44 /* Networking */,
				11832BEF2081A4F600DD8D44 /* Model */,
				11832BC02081A15200DD8D44 /* Main.storyboard */,
				11832BC32081A15200DD8D44 /* Assets.xcassets */,
				116AFC2920831A4200B144C1 /* Resources */,
				11832BC52081A15200DD8D44 /* LaunchScreen.storyboard */,
				11832BC82081A15200DD8D44 /* Info.plist */,
				11832BC92081A15200DD8D44 /* main.m */,
			);
			path = PerchApp;
			sourceTree = "<group>";
		};
		11832BD22081A15200DD8D44 /* PerchAppTests */ = {
			isa = PBXGroup;
			children = (
				11832BD32081A15200DD8D44 /* PerchAppTests.m */,
				11832BD52081A15200DD8D44 /* Info.plist */,
			);
			path = PerchAppTests;
			sourceTree = "<group>";
		};
		11832BDD2081A15200DD8D44 /* PerchAppUITests */ = {
			isa = PBXGroup;
			children = (
				11832BDE2081A15200DD8D44 /* PerchAppUITests.m */,
				11832BE02081A15200DD8D44 /* Info.plist */,
			);
			path = PerchAppUITests;
			sourceTree = "<group>";
		};
		11832BEF2081A4F600DD8D44 /* Model */ = {
			isa = PBXGroup;
			children = (
				11832BEC2081A4F000DD8D44 /* TruckObject.h */,
				11832BED2081A4F000DD8D44 /* TruckObject.m */,
				116AFC452083466D00B144C1 /* RecipeObject.h */,
				116AFC462083466D00B144C1 /* RecipeObject.m */,
			);
			path = Model;
			sourceTree = "<group>";
		};
		11832BF32081A5E900DD8D44 /* Networking */ = {
			isa = PBXGroup;
			children = (
				11832BF02081A5C800DD8D44 /* APIManager.h */,
				11832BF12081A5C800DD8D44 /* APIManager.m */,
				11832BF42081A8B800DD8D44 /* ServerReqeustManager.h */,
				11832BF52081A8B800DD8D44 /* ServerReqeustManager.m */,
				11832BFA2081AB3300DD8D44 /* RequestParser.h */,
				11832BFB2081AB3300DD8D44 /* RequestParser.m */,
			);
			path = Networking;
			sourceTree = "<group>";
		};
		11E230C32083C62C00A2595F /* Progress Hud */ = {
			isa = PBXGroup;
			children = (
				11E230C62083C63D00A2595F /* JGProgressHUD-Defines.h */,
				11E230D02083C63E00A2595F /* JGProgressHUD.h */,
				11E230D62083C63F00A2595F /* JGProgressHUD.m */,
				11E230CF2083C63E00A2595F /* JGProgressHUDAnimation.h */,
				11E230D12083C63E00A2595F /* JGProgressHUDAnimation.m */,
				11E230D22083C63E00A2595F /* JGProgressHUDErrorIndicatorView.h */,
				11E230DC2083C64000A2595F /* JGProgressHUDErrorIndicatorView.m */,
				11E230D32083C63F00A2595F /* JGProgressHUDFadeAnimation.h */,
				11E230C72083C63D00A2595F /* JGProgressHUDFadeAnimation.m */,
				11E230C42083C63D00A2595F /* JGProgressHUDFadeZoomAnimation.h */,
				11E230D42083C63F00A2595F /* JGProgressHUDFadeZoomAnimation.m */,
				11E230C82083C63D00A2595F /* JGProgressHUDImageIndicatorView.h */,
				11E230CD2083C63E00A2595F /* JGProgressHUDImageIndicatorView.m */,
				11E230CE2083C63E00A2595F /* JGProgressHUDIndeterminateIndicatorView.h */,
				11E230D52083C63F00A2595F /* JGProgressHUDIndeterminateIndicatorView.m */,
				11E230CC2083C63E00A2595F /* JGProgressHUDIndicatorView.h */,
				11E230DB2083C64000A2595F /* JGProgressHUDIndicatorView.m */,
				11E230D72083C64000A2595F /* JGProgressHUDPieIndicatorView.h */,
				11E230CA2083C63E00A2595F /* JGProgressHUDPieIndicatorView.m */,
				11E230C52083C63D00A2595F /* JGProgressHUDRingIndicatorView.h */,
				11E230CB2083C63E00A2595F /* JGProgressHUDRingIndicatorView.m */,
				11E230C92083C63E00A2595F /* JGProgressHUDShadow.h */,
				11E230D92083C64000A2595F /* JGProgressHUDShadow.m */,
				11E230DA2083C64000A2595F /* JGProgressHUDSuccessIndicatorView.h */,
				11E230D82083C64000A2595F /* JGProgressHUDSuccessIndicatorView.m */,
			);
			path = "Progress Hud";
			sourceTree = "<group>";
		};
/* End PBXGroup section */

/* Begin PBXNativeTarget section */
		11832BB62081A15200DD8D44 /* PerchApp */ = {
			isa = PBXNativeTarget;
			buildConfigurationList = 11832BE32081A15200DD8D44 /* Build configuration list for PBXNativeTarget "PerchApp" */;
			buildPhases = (
				11832BB32081A15200DD8D44 /* Sources */,
				11832BB42081A15200DD8D44 /* Frameworks */,
				11832BB52081A15200DD8D44 /* Resources */,
			);
			buildRules = (
			);
			dependencies = (
			);
			name = PerchApp;
			productName = PerchApp;
			productReference = 11832BB72081A15200DD8D44 /* PerchApp.app */;
			productType = "com.apple.product-type.application";
		};
		11832BCE2081A15200DD8D44 /* PerchAppTests */ = {
			isa = PBXNativeTarget;
			buildConfigurationList = 11832BE62081A15200DD8D44 /* Build configuration list for PBXNativeTarget "PerchAppTests" */;
			buildPhases = (
				11832BCB2081A15200DD8D44 /* Sources */,
				11832BCC2081A15200DD8D44 /* Frameworks */,
				11832BCD2081A15200DD8D44 /* Resources */,
			);
			buildRules = (
			);
			dependencies = (
				11832BD12081A15200DD8D44 /* PBXTargetDependency */,
			);
			name = PerchAppTests;
			productName = PerchAppTests;
			productReference = 11832BCF2081A15200DD8D44 /* PerchAppTests.xctest */;
			productType = "com.apple.product-type.bundle.unit-test";
		};
		11832BD92081A15200DD8D44 /* PerchAppUITests */ = {
			isa = PBXNativeTarget;
			buildConfigurationList = 11832BE92081A15200DD8D44 /* Build configuration list for PBXNativeTarget "PerchAppUITests" */;
			buildPhases = (
				11832BD62081A15200DD8D44 /* Sources */,
				11832BD72081A15200DD8D44 /* Frameworks */,
				11832BD82081A15200DD8D44 /* Resources */,
			);
			buildRules = (
			);
			dependencies = (
				11832BDC2081A15200DD8D44 /* PBXTargetDependency */,
			);
			name = PerchAppUITests;
			productName = PerchAppUITests;
			productReference = 11832BDA2081A15200DD8D44 /* PerchAppUITests.xctest */;
			productType = "com.apple.product-type.bundle.ui-testing";
		};
/* End PBXNativeTarget section */

/* Begin PBXProject section */
		11832BAF2081A15200DD8D44 /* Project object */ = {
			isa = PBXProject;
			attributes = {
				LastUpgradeCheck = 0920;
				ORGANIZATIONNAME = Perch;
				TargetAttributes = {
					11832BB62081A15200DD8D44 = {
						CreatedOnToolsVersion = 9.2;
						LastSwiftMigration = 0930;
						ProvisioningStyle = Automatic;
					};
					11832BCE2081A15200DD8D44 = {
						CreatedOnToolsVersion = 9.2;
						ProvisioningStyle = Automatic;
						TestTargetID = 11832BB62081A15200DD8D44;
					};
					11832BD92081A15200DD8D44 = {
						CreatedOnToolsVersion = 9.2;
						ProvisioningStyle = Automatic;
						TestTargetID = 11832BB62081A15200DD8D44;
					};
				};
			};
			buildConfigurationList = 11832BB22081A15200DD8D44 /* Build configuration list for PBXProject "PerchApp" */;
			compatibilityVersion = "Xcode 8.0";
			developmentRegion = en;
			hasScannedForEncodings = 0;
			knownRegions = (
				en,
				Base,
			);
			mainGroup = 11832BAE2081A15200DD8D44;
			productRefGroup = 11832BB82081A15200DD8D44 /* Products */;
			projectDirPath = "";
			projectRoot = "";
			targets = (
				11832BB62081A15200DD8D44 /* PerchApp */,
				11832BCE2081A15200DD8D44 /* PerchAppTests */,
				11832BD92081A15200DD8D44 /* PerchAppUITests */,
			);
		};
/* End PBXProject section */

/* Begin PBXResourcesBuildPhase section */
		11832BB52081A15200DD8D44 /* Resources */ = {
			isa = PBXResourcesBuildPhase;
			buildActionMask = 2147483647;
			files = (
				116AFC002082F9C900B144C1 /* CircularStd-Medium.ttf in Resources */,
				116AFC022082F9C900B144C1 /* CircularStd-Bold.otf in Resources */,
				11E230B92083BA3200A2595F /* top-bar-space.png in Resources */,
				116AFC3B20833CBA00B144C1 /* pizza.png in Resources */,
				116AFC1820830E5E00B144C1 /* top-bar-main.png in Resources */,
				116AFBFF2082F9C900B144C1 /* CircularStd-Book.otf in Resources */,
				116AFC4320833DFA00B144C1 /* add-to-basket.png in Resources */,
				11E230C02083BEDE00A2595F /* chicken-checkout.png in Resources */,
				11832BC72081A15200DD8D44 /* LaunchScreen.storyboard in Resources */,
				11E230C22083BEDE00A2595F /* pizza-checkout.png in Resources */,
				11832BC42081A15200DD8D44 /* Assets.xcassets in Resources */,
				116AFC2620831A3C00B144C1 /* 5.jpg in Resources */,
				116AFC30208329E300B144C1 /* top-bar-main-long.png in Resources */,
				116AFC2520831A3C00B144C1 /* 4.jpg in Resources */,
				116AFBFA2082F4FC00B144C1 /* test-card.png in Resources */,
				116AFC012082F9C900B144C1 /* CircularStd-Black.ttf in Resources */,
				11E230C12083BEDE00A2595F /* halibut-checkout.png in Resources */,
				116AFC3920833CBA00B144C1 /* tikka.png in Resources */,
				11E230B720836B7900A2595F /* qr.png in Resources */,
				11832BC22081A15200DD8D44 /* Main.storyboard in Resources */,
				116AFC2420831A3C00B144C1 /* 2.jpg in Resources */,
				116AFC3A20833CBA00B144C1 /* halibut.png in Resources */,
				116AFC3F20833DCA00B144C1 /* pizza-back.png in Resources */,
				116AFC4120833DCA00B144C1 /* halibut-back.png in Resources */,
				116AFC4020833DCA00B144C1 /* tikka-back.png in Resources */,
				116AFC2720831A3C00B144C1 /* 1.jpg in Resources */,
				116AFC2B20831BE000B144C1 /* TruckCardView.xib in Resources */,
				116AFC2820831A3C00B144C1 /* 3.jpg in Resources */,
				116AFC32208339F600B144C1 /* RecipeCardView.xib in Resources */,
			);
			runOnlyForDeploymentPostprocessing = 0;
		};
		11832BCD2081A15200DD8D44 /* Resources */ = {
			isa = PBXResourcesBuildPhase;
			buildActionMask = 2147483647;
			files = (
			);
			runOnlyForDeploymentPostprocessing = 0;
		};
		11832BD82081A15200DD8D44 /* Resources */ = {
			isa = PBXResourcesBuildPhase;
			buildActionMask = 2147483647;
			files = (
			);
			runOnlyForDeploymentPostprocessing = 0;
		};
/* End PBXResourcesBuildPhase section */

/* Begin PBXSourcesBuildPhase section */
		11832BB32081A15200DD8D44 /* Sources */ = {
			isa = PBXSourcesBuildPhase;
			buildActionMask = 2147483647;
			files = (
				11E230E42083C64100A2595F /* JGProgressHUD.m in Sources */,
				11E230B520836B5000A2595F /* CheckoutViewController.m in Sources */,
				116AFBF32082F2E800B144C1 /* FSPageControl.swift in Sources */,
				11E230E12083C64100A2595F /* JGProgressHUDAnimation.m in Sources */,
				11E230E02083C64100A2595F /* JGProgressHUDImageIndicatorView.m in Sources */,
				116AFBF52082F2E800B144C1 /* FSPageViewLayout.swift in Sources */,
				11E230E52083C64100A2595F /* JGProgressHUDSuccessIndicatorView.m in Sources */,
				11832BFC2081AB3300DD8D44 /* RequestParser.m in Sources */,
				116AFBF62082F2E800B144C1 /* FSPagerCollectionView.swift in Sources */,
				116AFC4A208354B100B144C1 /* AddToBasketButton.m in Sources */,
				11E230E32083C64100A2595F /* JGProgressHUDIndeterminateIndicatorView.m in Sources */,
				116AFC472083466D00B144C1 /* RecipeObject.m in Sources */,
				116AFBF22082F2E800B144C1 /* FSPagerView.swift in Sources */,
				116AFC3520833A0E00B144C1 /* RecipeCardView.m in Sources */,
				11832BEE2081A4F000DD8D44 /* TruckObject.m in Sources */,
				11832BBF2081A15200DD8D44 /* ViewController.m in Sources */,
				116AFBF72082F2E800B144C1 /* FSPagerViewLayoutAttributes.swift in Sources */,
				11E230DF2083C64100A2595F /* JGProgressHUDRingIndicatorView.m in Sources */,
				116AFC2E20831E8A00B144C1 /* TruckCardView.m in Sources */,
				11832BF92081AA0400DD8D44 /* ConstantHeader.h in Sources */,
				11E230E62083C64100A2595F /* JGProgressHUDShadow.m in Sources */,
				11E230DD2083C64100A2595F /* JGProgressHUDFadeAnimation.m in Sources */,
				116AFBA42082E37E00B144C1 /* MealSelectionViewController.m in Sources */,
				116AFBF82082F2E800B144C1 /* FSPageViewTransformer.swift in Sources */,
				11832BF62081A8B800DD8D44 /* ServerReqeustManager.m in Sources */,
				11832BCA2081A15200DD8D44 /* main.m in Sources */,
				11E230E82083C64100A2595F /* JGProgressHUDErrorIndicatorView.m in Sources */,
				11832BBC2081A15200DD8D44 /* AppDelegate.m in Sources */,
				11E230DE2083C64100A2595F /* JGProgressHUDPieIndicatorView.m in Sources */,
				11E230E22083C64100A2595F /* JGProgressHUDFadeZoomAnimation.m in Sources */,
				11E230BC2083BC0D00A2595F /* CartManager.m in Sources */,
				11E230E72083C64100A2595F /* JGProgressHUDIndicatorView.m in Sources */,
				11832BF22081A5C800DD8D44 /* APIManager.m in Sources */,
				116AFC1E208314A200B144C1 /* UIImage+UIImage_Extensions.m in Sources */,
				116AFBF42082F2E800B144C1 /* FSPagerViewCell.swift in Sources */,
			);
			runOnlyForDeploymentPostprocessing = 0;
		};
		11832BCB2081A15200DD8D44 /* Sources */ = {
			isa = PBXSourcesBuildPhase;
			buildActionMask = 2147483647;
			files = (
				11832BD42081A15200DD8D44 /* PerchAppTests.m in Sources */,
			);
			runOnlyForDeploymentPostprocessing = 0;
		};
		11832BD62081A15200DD8D44 /* Sources */ = {
			isa = PBXSourcesBuildPhase;
			buildActionMask = 2147483647;
			files = (
				11832BDF2081A15200DD8D44 /* PerchAppUITests.m in Sources */,
			);
			runOnlyForDeploymentPostprocessing = 0;
		};
/* End PBXSourcesBuildPhase section */

/* Begin PBXTargetDependency section */
		11832BD12081A15200DD8D44 /* PBXTargetDependency */ = {
			isa = PBXTargetDependency;
			target = 11832BB62081A15200DD8D44 /* PerchApp */;
			targetProxy = 11832BD02081A15200DD8D44 /* PBXContainerItemProxy */;
		};
		11832BDC2081A15200DD8D44 /* PBXTargetDependency */ = {
			isa = PBXTargetDependency;
			target = 11832BB62081A15200DD8D44 /* PerchApp */;
			targetProxy = 11832BDB2081A15200DD8D44 /* PBXContainerItemProxy */;
		};
/* End PBXTargetDependency section */

/* Begin PBXVariantGroup section */
		11832BC02081A15200DD8D44 /* Main.storyboard */ = {
			isa = PBXVariantGroup;
			children = (
				11832BC12081A15200DD8D44 /* Base */,
			);
			name = Main.storyboard;
			sourceTree = "<group>";
		};
		11832BC52081A15200DD8D44 /* LaunchScreen.storyboard */ = {
			isa = PBXVariantGroup;
			children = (
				11832BC62081A15200DD8D44 /* Base */,
			);
			name = LaunchScreen.storyboard;
			sourceTree = "<group>";
		};
/* End PBXVariantGroup section */

/* Begin XCBuildConfiguration section */
		11832BE12081A15200DD8D44 /* Debug */ = {
			isa = XCBuildConfiguration;
			buildSettings = {
				ALWAYS_SEARCH_USER_PATHS = NO;
				CLANG_ANALYZER_NONNULL = YES;
				CLANG_ANALYZER_NUMBER_OBJECT_CONVERSION = YES_AGGRESSIVE;
				CLANG_CXX_LANGUAGE_STANDARD = "gnu++14";
				CLANG_CXX_LIBRARY = "libc++";
				CLANG_ENABLE_MODULES = YES;
				CLANG_ENABLE_OBJC_ARC = YES;
				CLANG_WARN_BLOCK_CAPTURE_AUTORELEASING = YES;
				CLANG_WARN_BOOL_CONVERSION = YES;
				CLANG_WARN_COMMA = YES;
				CLANG_WARN_CONSTANT_CONVERSION = YES;
				CLANG_WARN_DIRECT_OBJC_ISA_USAGE = YES_ERROR;
				CLANG_WARN_DOCUMENTATION_COMMENTS = YES;
				CLANG_WARN_EMPTY_BODY = YES;
				CLANG_WARN_ENUM_CONVERSION = YES;
				CLANG_WARN_INFINITE_RECURSION = YES;
				CLANG_WARN_INT_CONVERSION = YES;
				CLANG_WARN_NON_LITERAL_NULL_CONVERSION = YES;
				CLANG_WARN_OBJC_LITERAL_CONVERSION = YES;
				CLANG_WARN_OBJC_ROOT_CLASS = YES_ERROR;
				CLANG_WARN_RANGE_LOOP_ANALYSIS = YES;
				CLANG_WARN_STRICT_PROTOTYPES = YES;
				CLANG_WARN_SUSPICIOUS_MOVE = YES;
				CLANG_WARN_UNGUARDED_AVAILABILITY = YES_AGGRESSIVE;
				CLANG_WARN_UNREACHABLE_CODE = YES;
				CLANG_WARN__DUPLICATE_METHOD_MATCH = YES;
				CODE_SIGN_IDENTITY = "iPhone Developer";
				COPY_PHASE_STRIP = NO;
				DEBUG_INFORMATION_FORMAT = dwarf;
				DEFINES_MODULE = YES;
				ENABLE_STRICT_OBJC_MSGSEND = YES;
				ENABLE_TESTABILITY = YES;
				GCC_C_LANGUAGE_STANDARD = gnu11;
				GCC_DYNAMIC_NO_PIC = NO;
				GCC_NO_COMMON_BLOCKS = YES;
				GCC_OPTIMIZATION_LEVEL = 0;
				GCC_PREPROCESSOR_DEFINITIONS = (
					"DEBUG=1",
					"$(inherited)",
				);
				GCC_WARN_64_TO_32_BIT_CONVERSION = YES;
				GCC_WARN_ABOUT_RETURN_TYPE = YES_ERROR;
				GCC_WARN_UNDECLARED_SELECTOR = YES;
				GCC_WARN_UNINITIALIZED_AUTOS = YES_AGGRESSIVE;
				GCC_WARN_UNUSED_FUNCTION = YES;
				GCC_WARN_UNUSED_VARIABLE = YES;
				IPHONEOS_DEPLOYMENT_TARGET = 11.2;
				MTL_ENABLE_DEBUG_INFO = YES;
				ONLY_ACTIVE_ARCH = YES;
				PRODUCT_NAME = PerchApp;
				SDKROOT = iphoneos;
			};
			name = Debug;
		};
		11832BE22081A15200DD8D44 /* Release */ = {
			isa = XCBuildConfiguration;
			buildSettings = {
				ALWAYS_SEARCH_USER_PATHS = NO;
				CLANG_ANALYZER_NONNULL = YES;
				CLANG_ANALYZER_NUMBER_OBJECT_CONVERSION = YES_AGGRESSIVE;
				CLANG_CXX_LANGUAGE_STANDARD = "gnu++14";
				CLANG_CXX_LIBRARY = "libc++";
				CLANG_ENABLE_MODULES = YES;
				CLANG_ENABLE_OBJC_ARC = YES;
				CLANG_WARN_BLOCK_CAPTURE_AUTORELEASING = YES;
				CLANG_WARN_BOOL_CONVERSION = YES;
				CLANG_WARN_COMMA = YES;
				CLANG_WARN_CONSTANT_CONVERSION = YES;
				CLANG_WARN_DIRECT_OBJC_ISA_USAGE = YES_ERROR;
				CLANG_WARN_DOCUMENTATION_COMMENTS = YES;
				CLANG_WARN_EMPTY_BODY = YES;
				CLANG_WARN_ENUM_CONVERSION = YES;
				CLANG_WARN_INFINITE_RECURSION = YES;
				CLANG_WARN_INT_CONVERSION = YES;
				CLANG_WARN_NON_LITERAL_NULL_CONVERSION = YES;
				CLANG_WARN_OBJC_LITERAL_CONVERSION = YES;
				CLANG_WARN_OBJC_ROOT_CLASS = YES_ERROR;
				CLANG_WARN_RANGE_LOOP_ANALYSIS = YES;
				CLANG_WARN_STRICT_PROTOTYPES = YES;
				CLANG_WARN_SUSPICIOUS_MOVE = YES;
				CLANG_WARN_UNGUARDED_AVAILABILITY = YES_AGGRESSIVE;
				CLANG_WARN_UNREACHABLE_CODE = YES;
				CLANG_WARN__DUPLICATE_METHOD_MATCH = YES;
				CODE_SIGN_IDENTITY = "iPhone Developer";
				COPY_PHASE_STRIP = NO;
				DEBUG_INFORMATION_FORMAT = "dwarf-with-dsym";
				DEFINES_MODULE = YES;
				ENABLE_NS_ASSERTIONS = NO;
				ENABLE_STRICT_OBJC_MSGSEND = YES;
				GCC_C_LANGUAGE_STANDARD = gnu11;
				GCC_NO_COMMON_BLOCKS = YES;
				GCC_WARN_64_TO_32_BIT_CONVERSION = YES;
				GCC_WARN_ABOUT_RETURN_TYPE = YES_ERROR;
				GCC_WARN_UNDECLARED_SELECTOR = YES;
				GCC_WARN_UNINITIALIZED_AUTOS = YES_AGGRESSIVE;
				GCC_WARN_UNUSED_FUNCTION = YES;
				GCC_WARN_UNUSED_VARIABLE = YES;
				IPHONEOS_DEPLOYMENT_TARGET = 11.2;
				MTL_ENABLE_DEBUG_INFO = NO;
				PRODUCT_NAME = PerchApp;
				SDKROOT = iphoneos;
				VALIDATE_PRODUCT = YES;
			};
			name = Release;
		};
		11832BE42081A15200DD8D44 /* Debug */ = {
			isa = XCBuildConfiguration;
			buildSettings = {
				ASSETCATALOG_COMPILER_APPICON_NAME = AppIcon;
				CLANG_ENABLE_MODULES = YES;
				CODE_SIGN_STYLE = Automatic;
				DEVELOPMENT_TEAM = 5HBA5A75HU;
				INFOPLIST_FILE = PerchApp/Info.plist;
				LD_RUNPATH_SEARCH_PATHS = "$(inherited) @executable_path/Frameworks";
				PRODUCT_BUNDLE_IDENTIFIER = com.perch.PerchApp;
				PRODUCT_NAME = "$(TARGET_NAME)";
				SWIFT_OBJC_BRIDGING_HEADER = "PerchApp/PagedScrollView/PerchApp-Bridging-Header.h";
				SWIFT_OPTIMIZATION_LEVEL = "-Onone";
				SWIFT_VERSION = 3.0;
				TARGETED_DEVICE_FAMILY = "1,2";
			};
			name = Debug;
		};
		11832BE52081A15200DD8D44 /* Release */ = {
			isa = XCBuildConfiguration;
			buildSettings = {
				ASSETCATALOG_COMPILER_APPICON_NAME = AppIcon;
				CLANG_ENABLE_MODULES = YES;
				CODE_SIGN_STYLE = Automatic;
				DEVELOPMENT_TEAM = 5HBA5A75HU;
				INFOPLIST_FILE = PerchApp/Info.plist;
				LD_RUNPATH_SEARCH_PATHS = "$(inherited) @executable_path/Frameworks";
				PRODUCT_BUNDLE_IDENTIFIER = com.perch.PerchApp;
				PRODUCT_NAME = "$(TARGET_NAME)";
				SWIFT_OBJC_BRIDGING_HEADER = "PerchApp/PagedScrollView/PerchApp-Bridging-Header.h";
				SWIFT_VERSION = 3.0;
				TARGETED_DEVICE_FAMILY = "1,2";
			};
			name = Release;
		};
		11832BE72081A15200DD8D44 /* Debug */ = {
			isa = XCBuildConfiguration;
			buildSettings = {
				ALWAYS_EMBED_SWIFT_STANDARD_LIBRARIES = YES;
				BUNDLE_LOADER = "$(TEST_HOST)";
				CODE_SIGN_STYLE = Automatic;
				DEVELOPMENT_TEAM = 5HBA5A75HU;
				INFOPLIST_FILE = PerchAppTests/Info.plist;
				LD_RUNPATH_SEARCH_PATHS = "$(inherited) @executable_path/Frameworks @loader_path/Frameworks";
				PRODUCT_BUNDLE_IDENTIFIER = com.perch.PerchAppTests;
				PRODUCT_NAME = "$(TARGET_NAME)";
				TARGETED_DEVICE_FAMILY = "1,2";
				TEST_HOST = "$(BUILT_PRODUCTS_DIR)/PerchApp.app/PerchApp";
			};
			name = Debug;
		};
		11832BE82081A15200DD8D44 /* Release */ = {
			isa = XCBuildConfiguration;
			buildSettings = {
				ALWAYS_EMBED_SWIFT_STANDARD_LIBRARIES = YES;
				BUNDLE_LOADER = "$(TEST_HOST)";
				CODE_SIGN_STYLE = Automatic;
				DEVELOPMENT_TEAM = 5HBA5A75HU;
				INFOPLIST_FILE = PerchAppTests/Info.plist;
				LD_RUNPATH_SEARCH_PATHS = "$(inherited) @executable_path/Frameworks @loader_path/Frameworks";
				PRODUCT_BUNDLE_IDENTIFIER = com.perch.PerchAppTests;
				PRODUCT_NAME = "$(TARGET_NAME)";
				TARGETED_DEVICE_FAMILY = "1,2";
				TEST_HOST = "$(BUILT_PRODUCTS_DIR)/PerchApp.app/PerchApp";
			};
			name = Release;
		};
		11832BEA2081A15200DD8D44 /* Debug */ = {
			isa = XCBuildConfiguration;
			buildSettings = {
				ALWAYS_EMBED_SWIFT_STANDARD_LIBRARIES = YES;
				CODE_SIGN_STYLE = Automatic;
				DEVELOPMENT_TEAM = 5HBA5A75HU;
				INFOPLIST_FILE = PerchAppUITests/Info.plist;
				LD_RUNPATH_SEARCH_PATHS = "$(inherited) @executable_path/Frameworks @loader_path/Frameworks";
				PRODUCT_BUNDLE_IDENTIFIER = com.perch.PerchAppUITests;
				PRODUCT_NAME = "$(TARGET_NAME)";
				TARGETED_DEVICE_FAMILY = "1,2";
				TEST_TARGET_NAME = PerchApp;
			};
			name = Debug;
		};
		11832BEB2081A15200DD8D44 /* Release */ = {
			isa = XCBuildConfiguration;
			buildSettings = {
				ALWAYS_EMBED_SWIFT_STANDARD_LIBRARIES = YES;
				CODE_SIGN_STYLE = Automatic;
				DEVELOPMENT_TEAM = 5HBA5A75HU;
				INFOPLIST_FILE = PerchAppUITests/Info.plist;
				LD_RUNPATH_SEARCH_PATHS = "$(inherited) @executable_path/Frameworks @loader_path/Frameworks";
				PRODUCT_BUNDLE_IDENTIFIER = com.perch.PerchAppUITests;
				PRODUCT_NAME = "$(TARGET_NAME)";
				TARGETED_DEVICE_FAMILY = "1,2";
				TEST_TARGET_NAME = PerchApp;
			};
			name = Release;
		};
/* End XCBuildConfiguration section */

/* Begin XCConfigurationList section */
		11832BB22081A15200DD8D44 /* Build configuration list for PBXProject "PerchApp" */ = {
			isa = XCConfigurationList;
			buildConfigurations = (
				11832BE12081A15200DD8D44 /* Debug */,
				11832BE22081A15200DD8D44 /* Release */,
			);
			defaultConfigurationIsVisible = 0;
			defaultConfigurationName = Release;
		};
		11832BE32081A15200DD8D44 /* Build configuration list for PBXNativeTarget "PerchApp" */ = {
			isa = XCConfigurationList;
			buildConfigurations = (
				11832BE42081A15200DD8D44 /* Debug */,
				11832BE52081A15200DD8D44 /* Release */,
			);
			defaultConfigurationIsVisible = 0;
			defaultConfigurationName = Release;
		};
		11832BE62081A15200DD8D44 /* Build configuration list for PBXNativeTarget "PerchAppTests" */ = {
			isa = XCConfigurationList;
			buildConfigurations = (
				11832BE72081A15200DD8D44 /* Debug */,
				11832BE82081A15200DD8D44 /* Release */,
			);
			defaultConfigurationIsVisible = 0;
			defaultConfigurationName = Release;
		};
		11832BE92081A15200DD8D44 /* Build configuration list for PBXNativeTarget "PerchAppUITests" */ = {
			isa = XCConfigurationList;
			buildConfigurations = (
				11832BEA2081A15200DD8D44 /* Debug */,
				11832BEB2081A15200DD8D44 /* Release */,
			);
			defaultConfigurationIsVisible = 0;
			defaultConfigurationName = Release;
		};
/* End XCConfigurationList section */
	};
	rootObject = 11832BAF2081A15200DD8D44 /* Project object */;
}
